// !$*UTF8*$!
{
	archiveVersion = 1;
	classes = {
	};
	objectVersion = 55;
	objects = {

/* Begin PBXBuildFile section */
		461FEB122865CF64001D263B /* ILocaleManager.swift in Sources */ = {isa = PBXBuildFile; fileRef = 461FEB112865CF64001D263B /* ILocaleManager.swift */; };
		461FEB142865CFE8001D263B /* LocaleKeys.swift in Sources */ = {isa = PBXBuildFile; fileRef = 461FEB132865CFE8001D263B /* LocaleKeys.swift */; };
		461FEB162865D0FE001D263B /* LocaleManager.swift in Sources */ = {isa = PBXBuildFile; fileRef = 461FEB152865D0FE001D263B /* LocaleManager.swift */; };
		461FEB192865D7F0001D263B /* NetworkPaths.swift in Sources */ = {isa = PBXBuildFile; fileRef = 461FEB182865D7F0001D263B /* NetworkPaths.swift */; };
		466021432865179F00AE1DA7 /* NetworkManager.swift in Sources */ = {isa = PBXBuildFile; fileRef = 466021422865179F00AE1DA7 /* NetworkManager.swift */; };
		4688D5452864C1C50041AD25 /* Utilities.swift in Sources */ = {isa = PBXBuildFile; fileRef = 4688D5442864C1C50041AD25 /* Utilities.swift */; };
		4688D5472864D5650041AD25 /* LoginViewController.swift in Sources */ = {isa = PBXBuildFile; fileRef = 4688D5462864D5650041AD25 /* LoginViewController.swift */; };
		4688D54A2864DB000041AD25 /* SnapKit in Frameworks */ = {isa = PBXBuildFile; productRef = 4688D5492864DB000041AD25 /* SnapKit */; };
		46A9B18F2864B2B8000D32FC /* AppDelegate.swift in Sources */ = {isa = PBXBuildFile; fileRef = 46A9B18E2864B2B8000D32FC /* AppDelegate.swift */; };
		46A9B1912864B2B8000D32FC /* SceneDelegate.swift in Sources */ = {isa = PBXBuildFile; fileRef = 46A9B1902864B2B8000D32FC /* SceneDelegate.swift */; };
		46A9B1982864B2B9000D32FC /* Assets.xcassets in Resources */ = {isa = PBXBuildFile; fileRef = 46A9B1972864B2B9000D32FC /* Assets.xcassets */; };
		46A9B19B2864B2B9000D32FC /* LaunchScreen.storyboard in Resources */ = {isa = PBXBuildFile; fileRef = 46A9B1992864B2B9000D32FC /* LaunchScreen.storyboard */; };
		46A9B1A92864B348000D32FC /* BaseViewController.swift in Sources */ = {isa = PBXBuildFile; fileRef = 46A9B1A82864B348000D32FC /* BaseViewController.swift */; };
		46A9B1AB2864B423000D32FC /* HomeViewController.swift in Sources */ = {isa = PBXBuildFile; fileRef = 46A9B1AA2864B423000D32FC /* HomeViewController.swift */; };
		46A9B1AD2864B43F000D32FC /* SearchViewController.swift in Sources */ = {isa = PBXBuildFile; fileRef = 46A9B1AC2864B43F000D32FC /* SearchViewController.swift */; };
		46A9B1AF2864B470000D32FC /* LibraryViewController.swift in Sources */ = {isa = PBXBuildFile; fileRef = 46A9B1AE2864B470000D32FC /* LibraryViewController.swift */; };
		46B625852865119B00F3917B /* INetworkManager.swift in Sources */ = {isa = PBXBuildFile; fileRef = 46B625842865119B00F3917B /* INetworkManager.swift */; };
		46EE8D302864DE8200FF86FB /* WelcomeViewController.swift in Sources */ = {isa = PBXBuildFile; fileRef = 46EE8D2F2864DE8200FF86FB /* WelcomeViewController.swift */; };
		46EE8D332864F19B00FF86FB /* Constants.swift in Sources */ = {isa = PBXBuildFile; fileRef = 46EE8D322864F19B00FF86FB /* Constants.swift */; };
		46EE8D372864F26A00FF86FB /* AuthManager.swift in Sources */ = {isa = PBXBuildFile; fileRef = 46EE8D362864F26A00FF86FB /* AuthManager.swift */; };
/* End PBXBuildFile section */

/* Begin PBXFileReference section */
		461FEB112865CF64001D263B /* ILocaleManager.swift */ = {isa = PBXFileReference; lastKnownFileType = sourcecode.swift; path = ILocaleManager.swift; sourceTree = "<group>"; };
		461FEB132865CFE8001D263B /* LocaleKeys.swift */ = {isa = PBXFileReference; lastKnownFileType = sourcecode.swift; path = LocaleKeys.swift; sourceTree = "<group>"; };
		461FEB152865D0FE001D263B /* LocaleManager.swift */ = {isa = PBXFileReference; lastKnownFileType = sourcecode.swift; path = LocaleManager.swift; sourceTree = "<group>"; };
		461FEB182865D7F0001D263B /* NetworkPaths.swift */ = {isa = PBXFileReference; lastKnownFileType = sourcecode.swift; path = NetworkPaths.swift; sourceTree = "<group>"; };
		466021422865179F00AE1DA7 /* NetworkManager.swift */ = {isa = PBXFileReference; lastKnownFileType = sourcecode.swift; path = NetworkManager.swift; sourceTree = "<group>"; };
		4688D5442864C1C50041AD25 /* Utilities.swift */ = {isa = PBXFileReference; lastKnownFileType = sourcecode.swift; path = Utilities.swift; sourceTree = "<group>"; };
		4688D5462864D5650041AD25 /* LoginViewController.swift */ = {isa = PBXFileReference; lastKnownFileType = sourcecode.swift; path = LoginViewController.swift; sourceTree = "<group>"; };
		46A9B18B2864B2B8000D32FC /* Spotify.app */ = {isa = PBXFileReference; explicitFileType = wrapper.application; includeInIndex = 0; path = Spotify.app; sourceTree = BUILT_PRODUCTS_DIR; };
		46A9B18E2864B2B8000D32FC /* AppDelegate.swift */ = {isa = PBXFileReference; lastKnownFileType = sourcecode.swift; path = AppDelegate.swift; sourceTree = "<group>"; };
		46A9B1902864B2B8000D32FC /* SceneDelegate.swift */ = {isa = PBXFileReference; lastKnownFileType = sourcecode.swift; path = SceneDelegate.swift; sourceTree = "<group>"; };
		46A9B1972864B2B9000D32FC /* Assets.xcassets */ = {isa = PBXFileReference; lastKnownFileType = folder.assetcatalog; path = Assets.xcassets; sourceTree = "<group>"; };
		46A9B19A2864B2B9000D32FC /* Base */ = {isa = PBXFileReference; lastKnownFileType = file.storyboard; name = Base; path = Base.lproj/LaunchScreen.storyboard; sourceTree = "<group>"; };
		46A9B19C2864B2B9000D32FC /* Info.plist */ = {isa = PBXFileReference; lastKnownFileType = text.plist.xml; path = Info.plist; sourceTree = "<group>"; };
		46A9B1A82864B348000D32FC /* BaseViewController.swift */ = {isa = PBXFileReference; lastKnownFileType = sourcecode.swift; path = BaseViewController.swift; sourceTree = "<group>"; };
		46A9B1AA2864B423000D32FC /* HomeViewController.swift */ = {isa = PBXFileReference; lastKnownFileType = sourcecode.swift; path = HomeViewController.swift; sourceTree = "<group>"; };
		46A9B1AC2864B43F000D32FC /* SearchViewController.swift */ = {isa = PBXFileReference; lastKnownFileType = sourcecode.swift; path = SearchViewController.swift; sourceTree = "<group>"; };
		46A9B1AE2864B470000D32FC /* LibraryViewController.swift */ = {isa = PBXFileReference; lastKnownFileType = sourcecode.swift; path = LibraryViewController.swift; sourceTree = "<group>"; };
		46B625842865119B00F3917B /* INetworkManager.swift */ = {isa = PBXFileReference; lastKnownFileType = sourcecode.swift; path = INetworkManager.swift; sourceTree = "<group>"; };
		46EE8D2F2864DE8200FF86FB /* WelcomeViewController.swift */ = {isa = PBXFileReference; lastKnownFileType = sourcecode.swift; path = WelcomeViewController.swift; sourceTree = "<group>"; };
		46EE8D322864F19B00FF86FB /* Constants.swift */ = {isa = PBXFileReference; lastKnownFileType = sourcecode.swift; path = Constants.swift; sourceTree = "<group>"; };
		46EE8D362864F26A00FF86FB /* AuthManager.swift */ = {isa = PBXFileReference; lastKnownFileType = sourcecode.swift; path = AuthManager.swift; sourceTree = "<group>"; };
/* End PBXFileReference section */

/* Begin PBXFrameworksBuildPhase section */
		46A9B1882864B2B8000D32FC /* Frameworks */ = {
			isa = PBXFrameworksBuildPhase;
			buildActionMask = 2147483647;
			files = (
				4688D54A2864DB000041AD25 /* SnapKit in Frameworks */,
			);
			runOnlyForDeploymentPostprocessing = 0;
		};
/* End PBXFrameworksBuildPhase section */

/* Begin PBXGroup section */
		461FEB102865CF57001D263B /* LocaleManager */ = {
			isa = PBXGroup;
			children = (
				461FEB112865CF64001D263B /* ILocaleManager.swift */,
				461FEB152865D0FE001D263B /* LocaleManager.swift */,
			);
			path = LocaleManager;
			sourceTree = "<group>";
		};
		463274682868F95000CAFAEF /* Feature */ = {
			isa = PBXGroup;
			children = (
				463274732868F99000CAFAEF /* Product */,
				463274722868F98800CAFAEF /* View */,
			);
			path = Feature;
			sourceTree = "<group>";
		};
		463274692868F95500CAFAEF /* Main */ = {
			isa = PBXGroup;
			children = (
				4632746D2868F96600CAFAEF /* Model */,
				4632746C2868F96300CAFAEF /* Service */,
				4632746B2868F95F00CAFAEF /* ViewModel */,
				4632746A2868F95B00CAFAEF /* View */,
			);
			path = Main;
			sourceTree = "<group>";
		};
		4632746A2868F95B00CAFAEF /* View */ = {
			isa = PBXGroup;
			children = (
				46A9B1A82864B348000D32FC /* BaseViewController.swift */,
			);
			path = View;
			sourceTree = "<group>";
		};
		4632746B2868F95F00CAFAEF /* ViewModel */ = {
			isa = PBXGroup;
			children = (
			);
			path = ViewModel;
			sourceTree = "<group>";
		};
		4632746C2868F96300CAFAEF /* Service */ = {
			isa = PBXGroup;
			children = (
			);
			path = Service;
			sourceTree = "<group>";
		};
		4632746D2868F96600CAFAEF /* Model */ = {
			isa = PBXGroup;
			children = (
			);
			path = Model;
			sourceTree = "<group>";
		};
		4632746E2868F97900CAFAEF /* Welcome */ = {
			isa = PBXGroup;
			children = (
				463274792868F9C100CAFAEF /* View */,
			);
			path = Welcome;
			sourceTree = "<group>";
		};
		4632746F2868F97C00CAFAEF /* Login */ = {
			isa = PBXGroup;
			children = (
				463274782868F9B800CAFAEF /* View */,
			);
			path = Login;
			sourceTree = "<group>";
		};
		463274702868F97F00CAFAEF /* Library */ = {
			isa = PBXGroup;
			children = (
				463274772868F9AF00CAFAEF /* View */,
			);
			path = Library;
			sourceTree = "<group>";
		};
		463274712868F98300CAFAEF /* Search */ = {
			isa = PBXGroup;
			children = (
				463274762868F9A800CAFAEF /* View */,
			);
			path = Search;
			sourceTree = "<group>";
		};
		463274722868F98800CAFAEF /* View */ = {
			isa = PBXGroup;
			children = (
				463274742868F99B00CAFAEF /* Home */,
				463274712868F98300CAFAEF /* Search */,
				463274702868F97F00CAFAEF /* Library */,
				4632746F2868F97C00CAFAEF /* Login */,
				4632746E2868F97900CAFAEF /* Welcome */,
				463274692868F95500CAFAEF /* Main */,
			);
			path = View;
			sourceTree = "<group>";
		};
		463274732868F99000CAFAEF /* Product */ = {
			isa = PBXGroup;
			children = (
			);
			path = Product;
			sourceTree = "<group>";
		};
		463274742868F99B00CAFAEF /* Home */ = {
			isa = PBXGroup;
			children = (
				463274752868F9A000CAFAEF /* View */,
			);
			path = Home;
			sourceTree = "<group>";
		};
		463274752868F9A000CAFAEF /* View */ = {
			isa = PBXGroup;
			children = (
				46A9B1AA2864B423000D32FC /* HomeViewController.swift */,
			);
			path = View;
			sourceTree = "<group>";
		};
		463274762868F9A800CAFAEF /* View */ = {
			isa = PBXGroup;
			children = (
				46A9B1AC2864B43F000D32FC /* SearchViewController.swift */,
			);
			path = View;
			sourceTree = "<group>";
		};
		463274772868F9AF00CAFAEF /* View */ = {
			isa = PBXGroup;
			children = (
				46A9B1AE2864B470000D32FC /* LibraryViewController.swift */,
			);
			path = View;
			sourceTree = "<group>";
		};
		463274782868F9B800CAFAEF /* View */ = {
			isa = PBXGroup;
			children = (
				4688D5462864D5650041AD25 /* LoginViewController.swift */,
			);
			path = View;
			sourceTree = "<group>";
		};
		463274792868F9C100CAFAEF /* View */ = {
			isa = PBXGroup;
			children = (
				46EE8D2F2864DE8200FF86FB /* WelcomeViewController.swift */,
			);
			path = View;
			sourceTree = "<group>";
		};
		46A9B1822864B2B8000D32FC = {
			isa = PBXGroup;
			children = (
				46A9B18D2864B2B8000D32FC /* Spotify */,
				46A9B18C2864B2B8000D32FC /* Products */,
			);
			sourceTree = "<group>";
		};
		46A9B18C2864B2B8000D32FC /* Products */ = {
			isa = PBXGroup;
			children = (
				46A9B18B2864B2B8000D32FC /* Spotify.app */,
			);
			name = Products;
			sourceTree = "<group>";
		};
		46A9B18D2864B2B8000D32FC /* Spotify */ = {
			isa = PBXGroup;
			children = (
				463274682868F95000CAFAEF /* Feature */,
				46A9B1B02864C187000D32FC /* Core */,
				46A9B1A62864B2FD000D32FC /* Resources */,
				46A9B19C2864B2B9000D32FC /* Info.plist */,
			);
			path = Spotify;
			sourceTree = "<group>";
		};
		46A9B1A62864B2FD000D32FC /* Resources */ = {
			isa = PBXGroup;
			children = (
				46A9B18E2864B2B8000D32FC /* AppDelegate.swift */,
				46A9B1902864B2B8000D32FC /* SceneDelegate.swift */,
				46A9B1972864B2B9000D32FC /* Assets.xcassets */,
				46A9B1992864B2B9000D32FC /* LaunchScreen.storyboard */,
			);
			path = Resources;
			sourceTree = "<group>";
		};
		46A9B1B02864C187000D32FC /* Core */ = {
			isa = PBXGroup;
			children = (
				46EE8D352864F25F00FF86FB /* Init */,
				46EE8D342864F25900FF86FB /* Managers */,
			);
			path = Core;
			sourceTree = "<group>";
		};
		46B625822865117400F3917B /* NetworkManager */ = {
			isa = PBXGroup;
			children = (
				46B625842865119B00F3917B /* INetworkManager.swift */,
				466021422865179F00AE1DA7 /* NetworkManager.swift */,
			);
			path = NetworkManager;
			sourceTree = "<group>";
		};
		46EE8D342864F25900FF86FB /* Managers */ = {
			isa = PBXGroup;
			children = (
				461FEB102865CF57001D263B /* LocaleManager */,
				46B625822865117400F3917B /* NetworkManager */,
				46EE8D362864F26A00FF86FB /* AuthManager.swift */,
			);
			path = Managers;
			sourceTree = "<group>";
		};
		46EE8D352864F25F00FF86FB /* Init */ = {
			isa = PBXGroup;
			children = (
				4688D5442864C1C50041AD25 /* Utilities.swift */,
				46EE8D322864F19B00FF86FB /* Constants.swift */,
				461FEB132865CFE8001D263B /* LocaleKeys.swift */,
				461FEB182865D7F0001D263B /* NetworkPaths.swift */,
			);
			path = Init;
			sourceTree = "<group>";
		};
/* End PBXGroup section */

/* Begin PBXNativeTarget section */
		46A9B18A2864B2B8000D32FC /* Spotify */ = {
			isa = PBXNativeTarget;
			buildConfigurationList = 46A9B19F2864B2B9000D32FC /* Build configuration list for PBXNativeTarget "Spotify" */;
			buildPhases = (
				46A9B1872864B2B8000D32FC /* Sources */,
				46A9B1882864B2B8000D32FC /* Frameworks */,
				46A9B1892864B2B8000D32FC /* Resources */,
			);
			buildRules = (
			);
			dependencies = (
			);
			name = Spotify;
			packageProductDependencies = (
				4688D5492864DB000041AD25 /* SnapKit */,
			);
			productName = Spotify;
			productReference = 46A9B18B2864B2B8000D32FC /* Spotify.app */;
			productType = "com.apple.product-type.application";
		};
/* End PBXNativeTarget section */

/* Begin PBXProject section */
		46A9B1832864B2B8000D32FC /* Project object */ = {
			isa = PBXProject;
			attributes = {
				BuildIndependentTargetsInParallel = 1;
				LastSwiftUpdateCheck = 1330;
				LastUpgradeCheck = 1330;
				TargetAttributes = {
					46A9B18A2864B2B8000D32FC = {
						CreatedOnToolsVersion = 13.3;
					};
				};
			};
			buildConfigurationList = 46A9B1862864B2B8000D32FC /* Build configuration list for PBXProject "Spotify" */;
			compatibilityVersion = "Xcode 13.0";
			developmentRegion = en;
			hasScannedForEncodings = 0;
			knownRegions = (
				en,
				Base,
			);
			mainGroup = 46A9B1822864B2B8000D32FC;
			packageReferences = (
				4688D5482864DB000041AD25 /* XCRemoteSwiftPackageReference "SnapKit" */,
			);
			productRefGroup = 46A9B18C2864B2B8000D32FC /* Products */;
			projectDirPath = "";
			projectRoot = "";
			targets = (
				46A9B18A2864B2B8000D32FC /* Spotify */,
			);
		};
/* End PBXProject section */

/* Begin PBXResourcesBuildPhase section */
		46A9B1892864B2B8000D32FC /* Resources */ = {
			isa = PBXResourcesBuildPhase;
			buildActionMask = 2147483647;
			files = (
				46A9B19B2864B2B9000D32FC /* LaunchScreen.storyboard in Resources */,
				46A9B1982864B2B9000D32FC /* Assets.xcassets in Resources */,
			);
			runOnlyForDeploymentPostprocessing = 0;
		};
/* End PBXResourcesBuildPhase section */

/* Begin PBXSourcesBuildPhase section */
		46A9B1872864B2B8000D32FC /* Sources */ = {
			isa = PBXSourcesBuildPhase;
			buildActionMask = 2147483647;
			files = (
				46EE8D302864DE8200FF86FB /* WelcomeViewController.swift in Sources */,
				46A9B1AD2864B43F000D32FC /* SearchViewController.swift in Sources */,
				46A9B18F2864B2B8000D32FC /* AppDelegate.swift in Sources */,
				4688D5452864C1C50041AD25 /* Utilities.swift in Sources */,
				46EE8D372864F26A00FF86FB /* AuthManager.swift in Sources */,
				46A9B1912864B2B8000D32FC /* SceneDelegate.swift in Sources */,
				46EE8D332864F19B00FF86FB /* Constants.swift in Sources */,
				461FEB122865CF64001D263B /* ILocaleManager.swift in Sources */,
				4688D5472864D5650041AD25 /* LoginViewController.swift in Sources */,
				461FEB192865D7F0001D263B /* NetworkPaths.swift in Sources */,
				461FEB162865D0FE001D263B /* LocaleManager.swift in Sources */,
				461FEB142865CFE8001D263B /* LocaleKeys.swift in Sources */,
				46A9B1A92864B348000D32FC /* BaseViewController.swift in Sources */,
				46A9B1AF2864B470000D32FC /* LibraryViewController.swift in Sources */,
				46A9B1AB2864B423000D32FC /* HomeViewController.swift in Sources */,
				466021432865179F00AE1DA7 /* NetworkManager.swift in Sources */,
				46B625852865119B00F3917B /* INetworkManager.swift in Sources */,
			);
			runOnlyForDeploymentPostprocessing = 0;
		};
/* End PBXSourcesBuildPhase section */

/* Begin PBXVariantGroup section */
		46A9B1992864B2B9000D32FC /* LaunchScreen.storyboard */ = {
			isa = PBXVariantGroup;
			children = (
				46A9B19A2864B2B9000D32FC /* Base */,
			);
			name = LaunchScreen.storyboard;
			sourceTree = "<group>";
		};
/* End PBXVariantGroup section */

/* Begin XCBuildConfiguration section */
		46A9B19D2864B2B9000D32FC /* Debug */ = {
			isa = XCBuildConfiguration;
			buildSettings = {
				ALWAYS_SEARCH_USER_PATHS = NO;
				CLANG_ANALYZER_NONNULL = YES;
				CLANG_ANALYZER_NUMBER_OBJECT_CONVERSION = YES_AGGRESSIVE;
				CLANG_CXX_LANGUAGE_STANDARD = "gnu++17";
				CLANG_ENABLE_MODULES = YES;
				CLANG_ENABLE_OBJC_ARC = YES;
				CLANG_ENABLE_OBJC_WEAK = YES;
				CLANG_WARN_BLOCK_CAPTURE_AUTORELEASING = YES;
				CLANG_WARN_BOOL_CONVERSION = YES;
				CLANG_WARN_COMMA = YES;
				CLANG_WARN_CONSTANT_CONVERSION = YES;
				CLANG_WARN_DEPRECATED_OBJC_IMPLEMENTATIONS = YES;
				CLANG_WARN_DIRECT_OBJC_ISA_USAGE = YES_ERROR;
				CLANG_WARN_DOCUMENTATION_COMMENTS = YES;
				CLANG_WARN_EMPTY_BODY = YES;
				CLANG_WARN_ENUM_CONVERSION = YES;
				CLANG_WARN_INFINITE_RECURSION = YES;
				CLANG_WARN_INT_CONVERSION = YES;
				CLANG_WARN_NON_LITERAL_NULL_CONVERSION = YES;
				CLANG_WARN_OBJC_IMPLICIT_RETAIN_SELF = YES;
				CLANG_WARN_OBJC_LITERAL_CONVERSION = YES;
				CLANG_WARN_OBJC_ROOT_CLASS = YES_ERROR;
				CLANG_WARN_QUOTED_INCLUDE_IN_FRAMEWORK_HEADER = YES;
				CLANG_WARN_RANGE_LOOP_ANALYSIS = YES;
				CLANG_WARN_STRICT_PROTOTYPES = YES;
				CLANG_WARN_SUSPICIOUS_MOVE = YES;
				CLANG_WARN_UNGUARDED_AVAILABILITY = YES_AGGRESSIVE;
				CLANG_WARN_UNREACHABLE_CODE = YES;
				CLANG_WARN__DUPLICATE_METHOD_MATCH = YES;
				COPY_PHASE_STRIP = NO;
				DEBUG_INFORMATION_FORMAT = dwarf;
				ENABLE_STRICT_OBJC_MSGSEND = YES;
				ENABLE_TESTABILITY = YES;
				GCC_C_LANGUAGE_STANDARD = gnu11;
				GCC_DYNAMIC_NO_PIC = NO;
				GCC_NO_COMMON_BLOCKS = YES;
				GCC_OPTIMIZATION_LEVEL = 0;
				GCC_PREPROCESSOR_DEFINITIONS = (
					"DEBUG=1",
					"$(inherited)",
				);
				GCC_WARN_64_TO_32_BIT_CONVERSION = YES;
				GCC_WARN_ABOUT_RETURN_TYPE = YES_ERROR;
				GCC_WARN_UNDECLARED_SELECTOR = YES;
				GCC_WARN_UNINITIALIZED_AUTOS = YES_AGGRESSIVE;
				GCC_WARN_UNUSED_FUNCTION = YES;
				GCC_WARN_UNUSED_VARIABLE = YES;
				IPHONEOS_DEPLOYMENT_TARGET = 15.4;
				MTL_ENABLE_DEBUG_INFO = INCLUDE_SOURCE;
				MTL_FAST_MATH = YES;
				ONLY_ACTIVE_ARCH = YES;
				SDKROOT = iphoneos;
				SWIFT_ACTIVE_COMPILATION_CONDITIONS = DEBUG;
				SWIFT_OPTIMIZATION_LEVEL = "-Onone";
			};
			name = Debug;
		};
		46A9B19E2864B2B9000D32FC /* Release */ = {
			isa = XCBuildConfiguration;
			buildSettings = {
				ALWAYS_SEARCH_USER_PATHS = NO;
				CLANG_ANALYZER_NONNULL = YES;
				CLANG_ANALYZER_NUMBER_OBJECT_CONVERSION = YES_AGGRESSIVE;
				CLANG_CXX_LANGUAGE_STANDARD = "gnu++17";
				CLANG_ENABLE_MODULES = YES;
				CLANG_ENABLE_OBJC_ARC = YES;
				CLANG_ENABLE_OBJC_WEAK = YES;
				CLANG_WARN_BLOCK_CAPTURE_AUTORELEASING = YES;
				CLANG_WARN_BOOL_CONVERSION = YES;
				CLANG_WARN_COMMA = YES;
				CLANG_WARN_CONSTANT_CONVERSION = YES;
				CLANG_WARN_DEPRECATED_OBJC_IMPLEMENTATIONS = YES;
				CLANG_WARN_DIRECT_OBJC_ISA_USAGE = YES_ERROR;
				CLANG_WARN_DOCUMENTATION_COMMENTS = YES;
				CLANG_WARN_EMPTY_BODY = YES;
				CLANG_WARN_ENUM_CONVERSION = YES;
				CLANG_WARN_INFINITE_RECURSION = YES;
				CLANG_WARN_INT_CONVERSION = YES;
				CLANG_WARN_NON_LITERAL_NULL_CONVERSION = YES;
				CLANG_WARN_OBJC_IMPLICIT_RETAIN_SELF = YES;
				CLANG_WARN_OBJC_LITERAL_CONVERSION = YES;
				CLANG_WARN_OBJC_ROOT_CLASS = YES_ERROR;
				CLANG_WARN_QUOTED_INCLUDE_IN_FRAMEWORK_HEADER = YES;
				CLANG_WARN_RANGE_LOOP_ANALYSIS = YES;
				CLANG_WARN_STRICT_PROTOTYPES = YES;
				CLANG_WARN_SUSPICIOUS_MOVE = YES;
				CLANG_WARN_UNGUARDED_AVAILABILITY = YES_AGGRESSIVE;
				CLANG_WARN_UNREACHABLE_CODE = YES;
				CLANG_WARN__DUPLICATE_METHOD_MATCH = YES;
				COPY_PHASE_STRIP = NO;
				DEBUG_INFORMATION_FORMAT = "dwarf-with-dsym";
				ENABLE_NS_ASSERTIONS = NO;
				ENABLE_STRICT_OBJC_MSGSEND = YES;
				GCC_C_LANGUAGE_STANDARD = gnu11;
				GCC_NO_COMMON_BLOCKS = YES;
				GCC_WARN_64_TO_32_BIT_CONVERSION = YES;
				GCC_WARN_ABOUT_RETURN_TYPE = YES_ERROR;
				GCC_WARN_UNDECLARED_SELECTOR = YES;
				GCC_WARN_UNINITIALIZED_AUTOS = YES_AGGRESSIVE;
				GCC_WARN_UNUSED_FUNCTION = YES;
				GCC_WARN_UNUSED_VARIABLE = YES;
				IPHONEOS_DEPLOYMENT_TARGET = 15.4;
				MTL_ENABLE_DEBUG_INFO = NO;
				MTL_FAST_MATH = YES;
				SDKROOT = iphoneos;
				SWIFT_COMPILATION_MODE = wholemodule;
				SWIFT_OPTIMIZATION_LEVEL = "-O";
				VALIDATE_PRODUCT = YES;
			};
			name = Release;
		};
		46A9B1A02864B2B9000D32FC /* Debug */ = {
			isa = XCBuildConfiguration;
			buildSettings = {
				ASSETCATALOG_COMPILER_APPICON_NAME = AppIcon;
				ASSETCATALOG_COMPILER_GLOBAL_ACCENT_COLOR_NAME = AccentColor;
				CODE_SIGN_STYLE = Automatic;
				CURRENT_PROJECT_VERSION = 1;
				DEVELOPMENT_TEAM = 348T9RAC33;
				GENERATE_INFOPLIST_FILE = YES;
				INFOPLIST_FILE = Spotify/Info.plist;
				INFOPLIST_KEY_CFBundleDisplayName = SpotiftSideProduct;
				INFOPLIST_KEY_UIApplicationSupportsIndirectInputEvents = YES;
				INFOPLIST_KEY_UILaunchStoryboardName = LaunchScreen;
				INFOPLIST_KEY_UIMainStoryboardFile = "";
				INFOPLIST_KEY_UISupportedInterfaceOrientations_iPad = "UIInterfaceOrientationPortrait UIInterfaceOrientationPortraitUpsideDown UIInterfaceOrientationLandscapeLeft UIInterfaceOrientationLandscapeRight";
				INFOPLIST_KEY_UISupportedInterfaceOrientations_iPhone = "UIInterfaceOrientationPortrait UIInterfaceOrientationLandscapeLeft UIInterfaceOrientationLandscapeRight";
				IPHONEOS_DEPLOYMENT_TARGET = 16.0;
				LD_RUNPATH_SEARCH_PATHS = (
					"$(inherited)",
					"@executable_path/Frameworks",
				);
				MARKETING_VERSION = 1.0;
				PRODUCT_BUNDLE_IDENTIFIER = com.meatlanosrep.Spotify;
				PRODUCT_NAME = "$(TARGET_NAME)";
				SUPPORTED_PLATFORMS = "iphoneos iphonesimulator";
				SUPPORTS_MACCATALYST = NO;
				SUPPORTS_MAC_DESIGNED_FOR_IPHONE_IPAD = NO;
				SWIFT_EMIT_LOC_STRINGS = YES;
				SWIFT_VERSION = 5.0;
				TARGETED_DEVICE_FAMILY = 1;
			};
			name = Debug;
		};
		46A9B1A12864B2B9000D32FC /* Release */ = {
			isa = XCBuildConfiguration;
			buildSettings = {
				ASSETCATALOG_COMPILER_APPICON_NAME = AppIcon;
				ASSETCATALOG_COMPILER_GLOBAL_ACCENT_COLOR_NAME = AccentColor;
				CODE_SIGN_STYLE = Automatic;
				CURRENT_PROJECT_VERSION = 1;
				DEVELOPMENT_TEAM = 348T9RAC33;
				GENERATE_INFOPLIST_FILE = YES;
				INFOPLIST_FILE = Spotify/Info.plist;
				INFOPLIST_KEY_CFBundleDisplayName = SpotiftSideProduct;
				INFOPLIST_KEY_UIApplicationSupportsIndirectInputEvents = YES;
				INFOPLIST_KEY_UILaunchStoryboardName = LaunchScreen;
				INFOPLIST_KEY_UIMainStoryboardFile = "";
				INFOPLIST_KEY_UISupportedInterfaceOrientations_iPad = "UIInterfaceOrientationPortrait UIInterfaceOrientationPortraitUpsideDown UIInterfaceOrientationLandscapeLeft UIInterfaceOrientationLandscapeRight";
				INFOPLIST_KEY_UISupportedInterfaceOrientations_iPhone = "UIInterfaceOrientationPortrait UIInterfaceOrientationLandscapeLeft UIInterfaceOrientationLandscapeRight";
				IPHONEOS_DEPLOYMENT_TARGET = 16.0;
				LD_RUNPATH_SEARCH_PATHS = (
					"$(inherited)",
					"@executable_path/Frameworks",
				);
				MARKETING_VERSION = 1.0;
				PRODUCT_BUNDLE_IDENTIFIER = com.meatlanosrep.Spotify;
				PRODUCT_NAME = "$(TARGET_NAME)";
				SUPPORTED_PLATFORMS = "iphoneos iphonesimulator";
				SUPPORTS_MACCATALYST = NO;
				SUPPORTS_MAC_DESIGNED_FOR_IPHONE_IPAD = NO;
				SWIFT_EMIT_LOC_STRINGS = YES;
				SWIFT_VERSION = 5.0;
				TARGETED_DEVICE_FAMILY = 1;
			};
			name = Release;
		};
/* End XCBuildConfiguration section */

/* Begin XCConfigurationList section */
		46A9B1862864B2B8000D32FC /* Build configuration list for PBXProject "Spotify" */ = {
			isa = XCConfigurationList;
			buildConfigurations = (
				46A9B19D2864B2B9000D32FC /* Debug */,
				46A9B19E2864B2B9000D32FC /* Release */,
			);
			defaultConfigurationIsVisible = 0;
			defaultConfigurationName = Release;
		};
		46A9B19F2864B2B9000D32FC /* Build configuration list for PBXNativeTarget "Spotify" */ = {
			isa = XCConfigurationList;
			buildConfigurations = (
				46A9B1A02864B2B9000D32FC /* Debug */,
				46A9B1A12864B2B9000D32FC /* Release */,
			);
			defaultConfigurationIsVisible = 0;
			defaultConfigurationName = Release;
		};
/* End XCConfigurationList section */

/* Begin XCRemoteSwiftPackageReference section */
		4688D5482864DB000041AD25 /* XCRemoteSwiftPackageReference "SnapKit" */ = {
			isa = XCRemoteSwiftPackageReference;
			repositoryURL = "https://github.com/SnapKit/SnapKit.git";
			requirement = {
				kind = upToNextMajorVersion;
				minimumVersion = 5.0.0;
			};
		};
/* End XCRemoteSwiftPackageReference section */

/* Begin XCSwiftPackageProductDependency section */
		4688D5492864DB000041AD25 /* SnapKit */ = {
			isa = XCSwiftPackageProductDependency;
			package = 4688D5482864DB000041AD25 /* XCRemoteSwiftPackageReference "SnapKit" */;
			productName = SnapKit;
		};
/* End XCSwiftPackageProductDependency section */
	};
	rootObject = 46A9B1832864B2B8000D32FC /* Project object */;
}
